
Microsoft Visual Studio Solution File, Format Version 12.00
# Visual Studio Version 16
VisualStudioVersion = 16.0.29613.14
MinimumVisualStudioVersion = 10.0.40219.1
Project("{FAE04EC0-301F-11D3-BF4B-00C04F79EFBC}") = "AccountApp", "AccountApp.csproj", "{97D85F8B-2002-4D82-8C5F-2119D1C01A68}"
EndProject
Global
	GlobalSection(SolutionConfigurationPlatforms) = preSolution
		Debug|Any CPU = Debug|Any CPU
		Release|Any CPU = Release|Any CPU
	EndGlobalSection
	GlobalSection(ProjectConfigurationPlatforms) = postSolution
		{97D85F8B-2002-4D82-8C5F-2119D1C01A68}.Debug|Any CPU.ActiveCfg = Debug|Any CPU
		{97D85F8B-2002-4D82-8C5F-2119D1C01A68}.Debug|Any CPU.Build.0 = Debug|Any CPU
		{97D85F8B-2002-4D82-8C5F-2119D1C01A68}.Release|Any CPU.ActiveCfg = Release|Any CPU
		{97D85F8B-2002-4D82-8C5F-2119D1C01A68}.Release|Any CPU.Build.0 = Release|Any CPU
	EndGlobalSection
	GlobalSection(SolutionProperties) = preSolution
		HideSolutionNode = FALSE
	EndGlobalSection
	GlobalSection(ExtensibilityGlobals) = postSolution
		SolutionGuid = {47F4C824-62B4-428D-B441-4C79AA8E03EB}
	EndGlobalSection
EndGlobal
