
Microsoft Visual Studio Solution File, Format Version 12.00
# Visual Studio Version 16
VisualStudioVersion = 16.0.29613.14
MinimumVisualStudioVersion = 10.0.40219.1
Project("{FAE04EC0-301F-11D3-BF4B-00C04F79EFBC}") = "DemoPlayerDetails", "DemoPlayerDetails.csproj", "{143356FE-9E9F-41F2-8AEA-C0D65B7BE093}"
EndProject
Global
	GlobalSection(SolutionConfigurationPlatforms) = preSolution
		Debug|Any CPU = Debug|Any CPU
		Release|Any CPU = Release|Any CPU
	EndGlobalSection
	GlobalSection(ProjectConfigurationPlatforms) = postSolution
		{143356FE-9E9F-41F2-8AEA-C0D65B7BE093}.Debug|Any CPU.ActiveCfg = Debug|Any CPU
		{143356FE-9E9F-41F2-8AEA-C0D65B7BE093}.Debug|Any CPU.Build.0 = Debug|Any CPU
		{143356FE-9E9F-41F2-8AEA-C0D65B7BE093}.Release|Any CPU.ActiveCfg = Release|Any CPU
		{143356FE-9E9F-41F2-8AEA-C0D65B7BE093}.Release|Any CPU.Build.0 = Release|Any CPU
	EndGlobalSection
	GlobalSection(SolutionProperties) = preSolution
		HideSolutionNode = FALSE
	EndGlobalSection
	GlobalSection(ExtensibilityGlobals) = postSolution
		SolutionGuid = {451B4430-D0A8-4F56-84F4-9580966544AF}
	EndGlobalSection
EndGlobal
