
Microsoft Visual Studio Solution File, Format Version 12.00
# Visual Studio Version 16
VisualStudioVersion = 16.0.29613.14
MinimumVisualStudioVersion = 10.0.40219.1
Project("{FAE04EC0-301F-11D3-BF4B-00C04F79EFBC}") = "DemoFile", "DemoFile.csproj", "{AFAACC6B-B5EF-48EC-96E0-D02199E20D0C}"
EndProject
Global
	GlobalSection(SolutionConfigurationPlatforms) = preSolution
		Debug|Any CPU = Debug|Any CPU
		Release|Any CPU = Release|Any CPU
	EndGlobalSection
	GlobalSection(ProjectConfigurationPlatforms) = postSolution
		{AFAACC6B-B5EF-48EC-96E0-D02199E20D0C}.Debug|Any CPU.ActiveCfg = Debug|Any CPU
		{AFAACC6B-B5EF-48EC-96E0-D02199E20D0C}.Debug|Any CPU.Build.0 = Debug|Any CPU
		{AFAACC6B-B5EF-48EC-96E0-D02199E20D0C}.Release|Any CPU.ActiveCfg = Release|Any CPU
		{AFAACC6B-B5EF-48EC-96E0-D02199E20D0C}.Release|Any CPU.Build.0 = Release|Any CPU
	EndGlobalSection
	GlobalSection(SolutionProperties) = preSolution
		HideSolutionNode = FALSE
	EndGlobalSection
	GlobalSection(ExtensibilityGlobals) = postSolution
		SolutionGuid = {4C460958-21AA-4A41-BB17-8F6FF3060247}
	EndGlobalSection
EndGlobal
