
Microsoft Visual Studio Solution File, Format Version 12.00
# Visual Studio Version 16
VisualStudioVersion = 16.0.29613.14
MinimumVisualStudioVersion = 10.0.40219.1
Project("{FAE04EC0-301F-11D3-BF4B-00C04F79EFBC}") = "DemoDeliverydetails", "DemoDeliverydetails.csproj", "{B537EA8A-C728-4119-9BFF-6DC184DFBD06}"
EndProject
Global
	GlobalSection(SolutionConfigurationPlatforms) = preSolution
		Debug|Any CPU = Debug|Any CPU
		Release|Any CPU = Release|Any CPU
	EndGlobalSection
	GlobalSection(ProjectConfigurationPlatforms) = postSolution
		{B537EA8A-C728-4119-9BFF-6DC184DFBD06}.Debug|Any CPU.ActiveCfg = Debug|Any CPU
		{B537EA8A-C728-4119-9BFF-6DC184DFBD06}.Debug|Any CPU.Build.0 = Debug|Any CPU
		{B537EA8A-C728-4119-9BFF-6DC184DFBD06}.Release|Any CPU.ActiveCfg = Release|Any CPU
		{B537EA8A-C728-4119-9BFF-6DC184DFBD06}.Release|Any CPU.Build.0 = Release|Any CPU
	EndGlobalSection
	GlobalSection(SolutionProperties) = preSolution
		HideSolutionNode = FALSE
	EndGlobalSection
	GlobalSection(ExtensibilityGlobals) = postSolution
		SolutionGuid = {92899D05-8EEE-48C8-A58B-6E42BE49D9AD}
	EndGlobalSection
EndGlobal
