
Microsoft Visual Studio Solution File, Format Version 12.00
# Visual Studio Version 16
VisualStudioVersion = 16.0.29613.14
MinimumVisualStudioVersion = 10.0.40219.1
Project("{FAE04EC0-301F-11D3-BF4B-00C04F79EFBC}") = "DemoDeligate2", "DemoDeligate2.csproj", "{A3A708F5-5723-4D5F-B334-74E879AF8078}"
EndProject
Global
	GlobalSection(SolutionConfigurationPlatforms) = preSolution
		Debug|Any CPU = Debug|Any CPU
		Release|Any CPU = Release|Any CPU
	EndGlobalSection
	GlobalSection(ProjectConfigurationPlatforms) = postSolution
		{A3A708F5-5723-4D5F-B334-74E879AF8078}.Debug|Any CPU.ActiveCfg = Debug|Any CPU
		{A3A708F5-5723-4D5F-B334-74E879AF8078}.Debug|Any CPU.Build.0 = Debug|Any CPU
		{A3A708F5-5723-4D5F-B334-74E879AF8078}.Release|Any CPU.ActiveCfg = Release|Any CPU
		{A3A708F5-5723-4D5F-B334-74E879AF8078}.Release|Any CPU.Build.0 = Release|Any CPU
	EndGlobalSection
	GlobalSection(SolutionProperties) = preSolution
		HideSolutionNode = FALSE
	EndGlobalSection
	GlobalSection(ExtensibilityGlobals) = postSolution
		SolutionGuid = {B11B41ED-4859-47D4-82F4-BE799205B3BB}
	EndGlobalSection
EndGlobal
