
Microsoft Visual Studio Solution File, Format Version 12.00
# Visual Studio Version 16
VisualStudioVersion = 16.0.29613.14
MinimumVisualStudioVersion = 10.0.40219.1
Project("{FAE04EC0-301F-11D3-BF4B-00C04F79EFBC}") = "DemoException", "DemoException.csproj", "{4E78E9CA-07B9-4A02-B4A1-BF10793C3BB5}"
EndProject
Global
	GlobalSection(SolutionConfigurationPlatforms) = preSolution
		Debug|Any CPU = Debug|Any CPU
		Release|Any CPU = Release|Any CPU
	EndGlobalSection
	GlobalSection(ProjectConfigurationPlatforms) = postSolution
		{4E78E9CA-07B9-4A02-B4A1-BF10793C3BB5}.Debug|Any CPU.ActiveCfg = Debug|Any CPU
		{4E78E9CA-07B9-4A02-B4A1-BF10793C3BB5}.Debug|Any CPU.Build.0 = Debug|Any CPU
		{4E78E9CA-07B9-4A02-B4A1-BF10793C3BB5}.Release|Any CPU.ActiveCfg = Release|Any CPU
		{4E78E9CA-07B9-4A02-B4A1-BF10793C3BB5}.Release|Any CPU.Build.0 = Release|Any CPU
	EndGlobalSection
	GlobalSection(SolutionProperties) = preSolution
		HideSolutionNode = FALSE
	EndGlobalSection
	GlobalSection(ExtensibilityGlobals) = postSolution
		SolutionGuid = {61887E52-DA54-4393-8D4E-87BF2E9CECCA}
	EndGlobalSection
EndGlobal
